
Microsoft Visual Studio Solution File, Format Version 10.00
# Visual Studio 2008
Project("{FAE04EC0-301F-11D3-BF4B-00C04F79EFBC}") = "PostgreSQL", "PostgreSQL\PostgreSQL.csproj", "{F7263E4E-E598-4961-9E50-29DD0044BBBC}"
EndProject
Project("{FAE04EC0-301F-11D3-BF4B-00C04F79EFBC}") = "DevHelper", "DevHelper\DevHelper.csproj", "{1168AB3F-993A-4341-AD72-28B753C70E26}"
EndProject
Project("{FAE04EC0-301F-11D3-BF4B-00C04F79EFBC}") = "CodeBuilder", "CodeBuilder\CodeBuilder.csproj", "{867A82F5-FEF4-4D2B-9555-8A5B27D50A69}"
EndProject
Global
	GlobalSection(SolutionConfigurationPlatforms) = preSolution
		Debug|Any CPU = Debug|Any CPU
		Release|Any CPU = Release|Any CPU
	EndGlobalSection
	GlobalSection(ProjectConfigurationPlatforms) = postSolution
		{F7263E4E-E598-4961-9E50-29DD0044BBBC}.Debug|Any CPU.ActiveCfg = Debug|Any CPU
		{F7263E4E-E598-4961-9E50-29DD0044BBBC}.Debug|Any CPU.Build.0 = Debug|Any CPU
		{F7263E4E-E598-4961-9E50-29DD0044BBBC}.Release|Any CPU.ActiveCfg = Release|Any CPU
		{F7263E4E-E598-4961-9E50-29DD0044BBBC}.Release|Any CPU.Build.0 = Release|Any CPU
		{1168AB3F-993A-4341-AD72-28B753C70E26}.Debug|Any CPU.ActiveCfg = Debug|Any CPU
		{1168AB3F-993A-4341-AD72-28B753C70E26}.Debug|Any CPU.Build.0 = Debug|Any CPU
		{1168AB3F-993A-4341-AD72-28B753C70E26}.Release|Any CPU.ActiveCfg = Release|Any CPU
		{1168AB3F-993A-4341-AD72-28B753C70E26}.Release|Any CPU.Build.0 = Release|Any CPU
		{867A82F5-FEF4-4D2B-9555-8A5B27D50A69}.Debug|Any CPU.ActiveCfg = Debug|Any CPU
		{867A82F5-FEF4-4D2B-9555-8A5B27D50A69}.Debug|Any CPU.Build.0 = Debug|Any CPU
		{867A82F5-FEF4-4D2B-9555-8A5B27D50A69}.Release|Any CPU.ActiveCfg = Release|Any CPU
		{867A82F5-FEF4-4D2B-9555-8A5B27D50A69}.Release|Any CPU.Build.0 = Release|Any CPU
	EndGlobalSection
	GlobalSection(SolutionProperties) = preSolution
		HideSolutionNode = FALSE
	EndGlobalSection
EndGlobal
